
Microsoft Visual Studio Solution File, Format Version 12.00
# Visual Studio Version 17
VisualStudioVersion = 17.11.35327.3
MinimumVisualStudioVersion = 10.0.40219.1
Project("{9A19103F-16F7-4668-BE54-9A1E7A4F7556}") = "Stage0", "Stage0\Stage0.csproj", "{CE10CC4F-FDB3-4CA4-9A8C-0B0A12F71238}"
EndProject
Project("{2150E333-8FDC-42A3-9474-1A3956D46DE8}") = "Solution Items", "Solution Items", "{17491DB8-1B90-4FA9-97AE-8B49BA584FF6}"
	ProjectSection(SolutionItems) = preProject
		README.md = README.md
	EndProjectSection
EndProject
Project("{FAE04EC0-301F-11D3-BF4B-00C04F79EFBC}") = "DalFacade", "DalFacade\DalFacade.csproj", "{01317498-A913-42A0-90EE-0F4D4A96C14F}"
EndProject
Project("{FAE04EC0-301F-11D3-BF4B-00C04F79EFBC}") = "DalList", "DalList\DalList.csproj", "{E09094A6-FEC2-4269-A6C9-1A2B67C47EBF}"
EndProject
Project("{FAE04EC0-301F-11D3-BF4B-00C04F79EFBC}") = "DalTest", "DalTest\DalTest.csproj", "{2DA29BEC-A2D6-4C98-BEB8-53D61455DD7F}"
EndProject
Project("{FAE04EC0-301F-11D3-BF4B-00C04F79EFBC}") = "DalXml", "DalXml\DalXml.csproj", "{E76F20C6-CA7D-499B-BCA6-F70E5CA424F3}"
EndProject
Project("{2150E333-8FDC-42A3-9474-1A3956D46DE8}") = "xml", "xml", "{8426E110-0D46-4276-9CBA-74A8D2B3198D}"
	ProjectSection(SolutionItems) = preProject
		xml\assignments.xml = xml\assignments.xml
		xml\calls.xml = xml\calls.xml
		xml\dal-config.xml = xml\dal-config.xml
		xml\data-config.xml = xml\data-config.xml
		xml\volunteers.xml = xml\volunteers.xml
	EndProjectSection
EndProject
Project("{FAE04EC0-301F-11D3-BF4B-00C04F79EFBC}") = "BL", "BL\BL.csproj", "{15393DA8-9FE1-4CE8-85A1-F905C7735A5D}"
EndProject
Project("{FAE04EC0-301F-11D3-BF4B-00C04F79EFBC}") = "BlTest", "BlTest\BlTest.csproj", "{C876C399-823F-479F-99D2-0C0E207D91B8}"
EndProject
Global
	GlobalSection(SolutionConfigurationPlatforms) = preSolution
		Debug|Any CPU = Debug|Any CPU
		Release|Any CPU = Release|Any CPU
	EndGlobalSection
	GlobalSection(ProjectConfigurationPlatforms) = postSolution
		{CE10CC4F-FDB3-4CA4-9A8C-0B0A12F71238}.Debug|Any CPU.ActiveCfg = Debug|Any CPU
		{CE10CC4F-FDB3-4CA4-9A8C-0B0A12F71238}.Debug|Any CPU.Build.0 = Debug|Any CPU
		{CE10CC4F-FDB3-4CA4-9A8C-0B0A12F71238}.Release|Any CPU.ActiveCfg = Release|Any CPU
		{CE10CC4F-FDB3-4CA4-9A8C-0B0A12F71238}.Release|Any CPU.Build.0 = Release|Any CPU
		{01317498-A913-42A0-90EE-0F4D4A96C14F}.Debug|Any CPU.ActiveCfg = Debug|Any CPU
		{01317498-A913-42A0-90EE-0F4D4A96C14F}.Debug|Any CPU.Build.0 = Debug|Any CPU
		{01317498-A913-42A0-90EE-0F4D4A96C14F}.Release|Any CPU.ActiveCfg = Release|Any CPU
		{01317498-A913-42A0-90EE-0F4D4A96C14F}.Release|Any CPU.Build.0 = Release|Any CPU
		{E09094A6-FEC2-4269-A6C9-1A2B67C47EBF}.Debug|Any CPU.ActiveCfg = Debug|Any CPU
		{E09094A6-FEC2-4269-A6C9-1A2B67C47EBF}.Debug|Any CPU.Build.0 = Debug|Any CPU
		{E09094A6-FEC2-4269-A6C9-1A2B67C47EBF}.Release|Any CPU.ActiveCfg = Release|Any CPU
		{E09094A6-FEC2-4269-A6C9-1A2B67C47EBF}.Release|Any CPU.Build.0 = Release|Any CPU
		{2DA29BEC-A2D6-4C98-BEB8-53D61455DD7F}.Debug|Any CPU.ActiveCfg = Debug|Any CPU
		{2DA29BEC-A2D6-4C98-BEB8-53D61455DD7F}.Debug|Any CPU.Build.0 = Debug|Any CPU
		{2DA29BEC-A2D6-4C98-BEB8-53D61455DD7F}.Release|Any CPU.ActiveCfg = Release|Any CPU
		{2DA29BEC-A2D6-4C98-BEB8-53D61455DD7F}.Release|Any CPU.Build.0 = Release|Any CPU
		{E76F20C6-CA7D-499B-BCA6-F70E5CA424F3}.Debug|Any CPU.ActiveCfg = Debug|Any CPU
		{E76F20C6-CA7D-499B-BCA6-F70E5CA424F3}.Debug|Any CPU.Build.0 = Debug|Any CPU
		{E76F20C6-CA7D-499B-BCA6-F70E5CA424F3}.Release|Any CPU.ActiveCfg = Release|Any CPU
		{E76F20C6-CA7D-499B-BCA6-F70E5CA424F3}.Release|Any CPU.Build.0 = Release|Any CPU
		{15393DA8-9FE1-4CE8-85A1-F905C7735A5D}.Debug|Any CPU.ActiveCfg = Debug|Any CPU
		{15393DA8-9FE1-4CE8-85A1-F905C7735A5D}.Debug|Any CPU.Build.0 = Debug|Any CPU
		{15393DA8-9FE1-4CE8-85A1-F905C7735A5D}.Release|Any CPU.ActiveCfg = Release|Any CPU
		{15393DA8-9FE1-4CE8-85A1-F905C7735A5D}.Release|Any CPU.Build.0 = Release|Any CPU
		{C876C399-823F-479F-99D2-0C0E207D91B8}.Debug|Any CPU.ActiveCfg = Debug|Any CPU
		{C876C399-823F-479F-99D2-0C0E207D91B8}.Debug|Any CPU.Build.0 = Debug|Any CPU
		{C876C399-823F-479F-99D2-0C0E207D91B8}.Release|Any CPU.ActiveCfg = Release|Any CPU
		{C876C399-823F-479F-99D2-0C0E207D91B8}.Release|Any CPU.Build.0 = Release|Any CPU
	EndGlobalSection
	GlobalSection(SolutionProperties) = preSolution
		HideSolutionNode = FALSE
	EndGlobalSection
	GlobalSection(ExtensibilityGlobals) = postSolution
		SolutionGuid = {0BA889B2-419F-43D6-B0BE-0B9F7FD09066}
	EndGlobalSection
EndGlobal
